
Microsoft Visual Studio Solution File, Format Version 12.00
# Visual Studio Version 16
VisualStudioVersion = 16.0.29613.14
MinimumVisualStudioVersion = 10.0.40219.1
Project("{FAE04EC0-301F-11D3-BF4B-00C04F79EFBC}") = "15012020_design_patterns", "15012020_design_patterns.csproj", "{C10EB6F8-613C-4E90-8C18-DEF23AF80914}"
EndProject
Global
	GlobalSection(SolutionConfigurationPlatforms) = preSolution
		Debug|Any CPU = Debug|Any CPU
		Release|Any CPU = Release|Any CPU
	EndGlobalSection
	GlobalSection(ProjectConfigurationPlatforms) = postSolution
		{C10EB6F8-613C-4E90-8C18-DEF23AF80914}.Debug|Any CPU.ActiveCfg = Debug|Any CPU
		{C10EB6F8-613C-4E90-8C18-DEF23AF80914}.Debug|Any CPU.Build.0 = Debug|Any CPU
		{C10EB6F8-613C-4E90-8C18-DEF23AF80914}.Release|Any CPU.ActiveCfg = Release|Any CPU
		{C10EB6F8-613C-4E90-8C18-DEF23AF80914}.Release|Any CPU.Build.0 = Release|Any CPU
	EndGlobalSection
	GlobalSection(SolutionProperties) = preSolution
		HideSolutionNode = FALSE
	EndGlobalSection
	GlobalSection(ExtensibilityGlobals) = postSolution
		SolutionGuid = {0BED655E-FAA7-4E53-AABE-6722403D0F48}
	EndGlobalSection
EndGlobal
